
Microsoft Visual Studio Solution File, Format Version 12.00
Project("{FAE04EC0-301F-11D3-BF4B-00C04F79EFBC}") = "MoonlightServers.ApiServer", "MoonlightServers.ApiServer\MoonlightServers.ApiServer.csproj", "{EAF24574-889F-41B8-85AA-7C0B856137BF}"
EndProject
Project("{FAE04EC0-301F-11D3-BF4B-00C04F79EFBC}") = "MoonlightServers.Frontend", "MoonlightServers.Frontend\MoonlightServers.Frontend.csproj", "{E7E39DA0-F920-4329-87FB-CBAF129B6835}"
EndProject
Project("{FAE04EC0-301F-11D3-BF4B-00C04F79EFBC}") = "MoonlightServers.Shared", "MoonlightServers.Shared\MoonlightServers.Shared.csproj", "{70FAFFFB-9EA6-4BB7-B4C0-A6BEF9684B32}"
EndProject
Global
	GlobalSection(SolutionConfigurationPlatforms) = preSolution
		Debug|Any CPU = Debug|Any CPU
		Release|Any CPU = Release|Any CPU
	EndGlobalSection
	GlobalSection(ProjectConfigurationPlatforms) = postSolution
		{EAF24574-889F-41B8-85AA-7C0B856137BF}.Debug|Any CPU.ActiveCfg = Debug|Any CPU
		{EAF24574-889F-41B8-85AA-7C0B856137BF}.Debug|Any CPU.Build.0 = Debug|Any CPU
		{EAF24574-889F-41B8-85AA-7C0B856137BF}.Release|Any CPU.ActiveCfg = Release|Any CPU
		{EAF24574-889F-41B8-85AA-7C0B856137BF}.Release|Any CPU.Build.0 = Release|Any CPU
		{E7E39DA0-F920-4329-87FB-CBAF129B6835}.Debug|Any CPU.ActiveCfg = Debug|Any CPU
		{E7E39DA0-F920-4329-87FB-CBAF129B6835}.Debug|Any CPU.Build.0 = Debug|Any CPU
		{E7E39DA0-F920-4329-87FB-CBAF129B6835}.Release|Any CPU.ActiveCfg = Release|Any CPU
		{E7E39DA0-F920-4329-87FB-CBAF129B6835}.Release|Any CPU.Build.0 = Release|Any CPU
		{70FAFFFB-9EA6-4BB7-B4C0-A6BEF9684B32}.Debug|Any CPU.ActiveCfg = Debug|Any CPU
		{70FAFFFB-9EA6-4BB7-B4C0-A6BEF9684B32}.Debug|Any CPU.Build.0 = Debug|Any CPU
		{70FAFFFB-9EA6-4BB7-B4C0-A6BEF9684B32}.Release|Any CPU.ActiveCfg = Release|Any CPU
		{70FAFFFB-9EA6-4BB7-B4C0-A6BEF9684B32}.Release|Any CPU.Build.0 = Release|Any CPU
	EndGlobalSection
EndGlobal
